
Microsoft Visual Studio Solution File, Format Version 12.00
# Visual Studio 2013
VisualStudioVersion = 12.0.30501.0
MinimumVisualStudioVersion = 10.0.40219.1
Project("{FAE04EC0-301F-11D3-BF4B-00C04F79EFBC}") = "OwnCloud-WP81", "OwnCloud-WP81\OwnCloud-WP81.csproj", "{D8F15952-0FAA-4D76-B2DE-C8623C5BB55C}"
EndProject
Project("{FAE04EC0-301F-11D3-BF4B-00C04F79EFBC}") = "OwnCloud.WebDAV-WinRT", "OwnCloud.WebDAV-WinRT\OwnCloud.WebDAV-WinRT.csproj", "{E8DAA7B9-6859-4807-B3DE-A786B7CCC00D}"
EndProject
Project("{FAE04EC0-301F-11D3-BF4B-00C04F79EFBC}") = "OwnCloud.Common-WinRT", "OwnCloud.Common-WinRT\OwnCloud.Common-WinRT.csproj", "{B854F2CC-1C71-4B6F-AEE8-CDF816A74C28}"
EndProject
Global
	GlobalSection(SolutionConfigurationPlatforms) = preSolution
		Debug|Any CPU = Debug|Any CPU
		Debug|ARM = Debug|ARM
		Debug|x86 = Debug|x86
		Release|Any CPU = Release|Any CPU
		Release|ARM = Release|ARM
		Release|x86 = Release|x86
	EndGlobalSection
	GlobalSection(ProjectConfigurationPlatforms) = postSolution
		{D8F15952-0FAA-4D76-B2DE-C8623C5BB55C}.Debug|Any CPU.ActiveCfg = Debug|Any CPU
		{D8F15952-0FAA-4D76-B2DE-C8623C5BB55C}.Debug|Any CPU.Build.0 = Debug|Any CPU
		{D8F15952-0FAA-4D76-B2DE-C8623C5BB55C}.Debug|Any CPU.Deploy.0 = Debug|Any CPU
		{D8F15952-0FAA-4D76-B2DE-C8623C5BB55C}.Debug|ARM.ActiveCfg = Debug|ARM
		{D8F15952-0FAA-4D76-B2DE-C8623C5BB55C}.Debug|ARM.Build.0 = Debug|ARM
		{D8F15952-0FAA-4D76-B2DE-C8623C5BB55C}.Debug|ARM.Deploy.0 = Debug|ARM
		{D8F15952-0FAA-4D76-B2DE-C8623C5BB55C}.Debug|x86.ActiveCfg = Debug|x86
		{D8F15952-0FAA-4D76-B2DE-C8623C5BB55C}.Debug|x86.Build.0 = Debug|x86
		{D8F15952-0FAA-4D76-B2DE-C8623C5BB55C}.Debug|x86.Deploy.0 = Debug|x86
		{D8F15952-0FAA-4D76-B2DE-C8623C5BB55C}.Release|Any CPU.ActiveCfg = Release|Any CPU
		{D8F15952-0FAA-4D76-B2DE-C8623C5BB55C}.Release|Any CPU.Build.0 = Release|Any CPU
		{D8F15952-0FAA-4D76-B2DE-C8623C5BB55C}.Release|Any CPU.Deploy.0 = Release|Any CPU
		{D8F15952-0FAA-4D76-B2DE-C8623C5BB55C}.Release|ARM.ActiveCfg = Release|ARM
		{D8F15952-0FAA-4D76-B2DE-C8623C5BB55C}.Release|ARM.Build.0 = Release|ARM
		{D8F15952-0FAA-4D76-B2DE-C8623C5BB55C}.Release|ARM.Deploy.0 = Release|ARM
		{D8F15952-0FAA-4D76-B2DE-C8623C5BB55C}.Release|x86.ActiveCfg = Release|x86
		{D8F15952-0FAA-4D76-B2DE-C8623C5BB55C}.Release|x86.Build.0 = Release|x86
		{D8F15952-0FAA-4D76-B2DE-C8623C5BB55C}.Release|x86.Deploy.0 = Release|x86
		{E8DAA7B9-6859-4807-B3DE-A786B7CCC00D}.Debug|Any CPU.ActiveCfg = Debug|Any CPU
		{E8DAA7B9-6859-4807-B3DE-A786B7CCC00D}.Debug|Any CPU.Build.0 = Debug|Any CPU
		{E8DAA7B9-6859-4807-B3DE-A786B7CCC00D}.Debug|ARM.ActiveCfg = Debug|Any CPU
		{E8DAA7B9-6859-4807-B3DE-A786B7CCC00D}.Debug|x86.ActiveCfg = Debug|Any CPU
		{E8DAA7B9-6859-4807-B3DE-A786B7CCC00D}.Release|Any CPU.ActiveCfg = Release|Any CPU
		{E8DAA7B9-6859-4807-B3DE-A786B7CCC00D}.Release|Any CPU.Build.0 = Release|Any CPU
		{E8DAA7B9-6859-4807-B3DE-A786B7CCC00D}.Release|ARM.ActiveCfg = Release|Any CPU
		{E8DAA7B9-6859-4807-B3DE-A786B7CCC00D}.Release|x86.ActiveCfg = Release|Any CPU
		{B854F2CC-1C71-4B6F-AEE8-CDF816A74C28}.Debug|Any CPU.ActiveCfg = Debug|Any CPU
		{B854F2CC-1C71-4B6F-AEE8-CDF816A74C28}.Debug|Any CPU.Build.0 = Debug|Any CPU
		{B854F2CC-1C71-4B6F-AEE8-CDF816A74C28}.Debug|ARM.ActiveCfg = Debug|Any CPU
		{B854F2CC-1C71-4B6F-AEE8-CDF816A74C28}.Debug|x86.ActiveCfg = Debug|Any CPU
		{B854F2CC-1C71-4B6F-AEE8-CDF816A74C28}.Release|Any CPU.ActiveCfg = Release|Any CPU
		{B854F2CC-1C71-4B6F-AEE8-CDF816A74C28}.Release|Any CPU.Build.0 = Release|Any CPU
		{B854F2CC-1C71-4B6F-AEE8-CDF816A74C28}.Release|ARM.ActiveCfg = Release|Any CPU
		{B854F2CC-1C71-4B6F-AEE8-CDF816A74C28}.Release|x86.ActiveCfg = Release|Any CPU
	EndGlobalSection
	GlobalSection(SolutionProperties) = preSolution
		HideSolutionNode = FALSE
	EndGlobalSection
EndGlobal
